
Microsoft Visual Studio Solution File, Format Version 12.00
# Visual Studio Version 16
VisualStudioVersion = 16.0.30717.126
MinimumVisualStudioVersion = 10.0.40219.1
Project("{FAE04EC0-301F-11D3-BF4B-00C04F79EFBC}") = "WindowsProxy", "WindowsProxy\WindowsProxy.csproj", "{F4678F58-7174-438F-AC93-FDA56EE1E736}"
EndProject
Project("{FAE04EC0-301F-11D3-BF4B-00C04F79EFBC}") = "UnitTest", "UnitTest\UnitTest.csproj", "{5C05004E-7BA7-4A46-B097-D75794E5B572}"
EndProject
Global
	GlobalSection(SolutionConfigurationPlatforms) = preSolution
		Debug|Any CPU = Debug|Any CPU
		Release|Any CPU = Release|Any CPU
	EndGlobalSection
	GlobalSection(ProjectConfigurationPlatforms) = postSolution
		{F4678F58-7174-438F-AC93-FDA56EE1E736}.Debug|Any CPU.ActiveCfg = Debug|Any CPU
		{F4678F58-7174-438F-AC93-FDA56EE1E736}.Debug|Any CPU.Build.0 = Debug|Any CPU
		{F4678F58-7174-438F-AC93-FDA56EE1E736}.Release|Any CPU.ActiveCfg = Release|Any CPU
		{F4678F58-7174-438F-AC93-FDA56EE1E736}.Release|Any CPU.Build.0 = Release|Any CPU
		{5C05004E-7BA7-4A46-B097-D75794E5B572}.Debug|Any CPU.ActiveCfg = Debug|Any CPU
		{5C05004E-7BA7-4A46-B097-D75794E5B572}.Debug|Any CPU.Build.0 = Debug|Any CPU
		{5C05004E-7BA7-4A46-B097-D75794E5B572}.Release|Any CPU.ActiveCfg = Release|Any CPU
		{5C05004E-7BA7-4A46-B097-D75794E5B572}.Release|Any CPU.Build.0 = Release|Any CPU
	EndGlobalSection
	GlobalSection(SolutionProperties) = preSolution
		HideSolutionNode = FALSE
	EndGlobalSection
	GlobalSection(ExtensibilityGlobals) = postSolution
		SolutionGuid = {0BF8F280-00CF-4F5C-B72E-09C8E21CFDA6}
	EndGlobalSection
EndGlobal
